
Microsoft Visual Studio Solution File, Format Version 12.00
# Visual Studio 2012
Project("{FAE04EC0-301F-11D3-BF4B-00C04F79EFBC}") = "AuthServices", "AuthServices\AuthServices.csproj", "{1C0EE78E-AB64-4A96-A130-CF9C12F5E0BC}"
EndProject
Project("{FAE04EC0-301F-11D3-BF4B-00C04F79EFBC}") = "TestLogin", "TestLogin\TestLogin.csproj", "{57B8DA36-17EF-4797-BA73-7EBFA3B5D65D}"
EndProject
Global
	GlobalSection(SolutionConfigurationPlatforms) = preSolution
		Debug|Any CPU = Debug|Any CPU
		Release|Any CPU = Release|Any CPU
	EndGlobalSection
	GlobalSection(ProjectConfigurationPlatforms) = postSolution
		{1C0EE78E-AB64-4A96-A130-CF9C12F5E0BC}.Debug|Any CPU.ActiveCfg = Debug|Any CPU
		{1C0EE78E-AB64-4A96-A130-CF9C12F5E0BC}.Debug|Any CPU.Build.0 = Debug|Any CPU
		{1C0EE78E-AB64-4A96-A130-CF9C12F5E0BC}.Release|Any CPU.ActiveCfg = Release|Any CPU
		{1C0EE78E-AB64-4A96-A130-CF9C12F5E0BC}.Release|Any CPU.Build.0 = Release|Any CPU
		{57B8DA36-17EF-4797-BA73-7EBFA3B5D65D}.Debug|Any CPU.ActiveCfg = Debug|Any CPU
		{57B8DA36-17EF-4797-BA73-7EBFA3B5D65D}.Debug|Any CPU.Build.0 = Debug|Any CPU
		{57B8DA36-17EF-4797-BA73-7EBFA3B5D65D}.Release|Any CPU.ActiveCfg = Release|Any CPU
		{57B8DA36-17EF-4797-BA73-7EBFA3B5D65D}.Release|Any CPU.Build.0 = Release|Any CPU
	EndGlobalSection
EndGlobal
